
Microsoft Visual Studio Solution File, Format Version 12.00
# Visual Studio 14
VisualStudioVersion = 14.0.25420.1
MinimumVisualStudioVersion = 10.0.40219.1
Project("{FAE04EC0-301F-11D3-BF4B-00C04F79EFBC}") = "Doing.Functional", "Doing.Functional\Doing.Functional.csproj", "{5626FAA0-1957-4528-A14D-FFFFEC11F034}"
EndProject
Project("{FAE04EC0-301F-11D3-BF4B-00C04F79EFBC}") = "Doing.Functional.Specs", "Doing.Functional.Specs\Doing.Functional.Specs.csproj", "{AAA93ED8-7659-40FD-BEA3-C4D41C94A34B}"
EndProject
Project("{2150E333-8FDC-42A3-9474-1A3956D46DE8}") = ".nuget", ".nuget", "{F9F99D4A-4617-4A07-9E41-59CFA87B78C4}"
	ProjectSection(SolutionItems) = preProject
		NuGet.Config = NuGet.Config
	EndProjectSection
EndProject
Global
	GlobalSection(SolutionConfigurationPlatforms) = preSolution
		Debug|Any CPU = Debug|Any CPU
		Release|Any CPU = Release|Any CPU
	EndGlobalSection
	GlobalSection(ProjectConfigurationPlatforms) = postSolution
		{5626FAA0-1957-4528-A14D-FFFFEC11F034}.Debug|Any CPU.ActiveCfg = Debug|Any CPU
		{5626FAA0-1957-4528-A14D-FFFFEC11F034}.Debug|Any CPU.Build.0 = Debug|Any CPU
		{5626FAA0-1957-4528-A14D-FFFFEC11F034}.Release|Any CPU.ActiveCfg = Release|Any CPU
		{5626FAA0-1957-4528-A14D-FFFFEC11F034}.Release|Any CPU.Build.0 = Release|Any CPU
		{AAA93ED8-7659-40FD-BEA3-C4D41C94A34B}.Debug|Any CPU.ActiveCfg = Debug|Any CPU
		{AAA93ED8-7659-40FD-BEA3-C4D41C94A34B}.Debug|Any CPU.Build.0 = Debug|Any CPU
		{AAA93ED8-7659-40FD-BEA3-C4D41C94A34B}.Release|Any CPU.ActiveCfg = Release|Any CPU
		{AAA93ED8-7659-40FD-BEA3-C4D41C94A34B}.Release|Any CPU.Build.0 = Release|Any CPU
	EndGlobalSection
	GlobalSection(SolutionProperties) = preSolution
		HideSolutionNode = FALSE
	EndGlobalSection
EndGlobal
